
Microsoft Visual Studio Solution File, Format Version 12.00
# Visual Studio Version 16
VisualStudioVersion = 16.0.31605.320
MinimumVisualStudioVersion = 10.0.40219.1
Project("{FAE04EC0-301F-11D3-BF4B-00C04F79EFBC}") = "EQueue", "EQueue.csproj", "{1CBF8134-B097-4DD9-8342-8FCBE9F52255}"
EndProject
Global
	GlobalSection(SolutionConfigurationPlatforms) = preSolution
		Debug|Any CPU = Debug|Any CPU
		Release|Any CPU = Release|Any CPU
	EndGlobalSection
	GlobalSection(ProjectConfigurationPlatforms) = postSolution
		{1CBF8134-B097-4DD9-8342-8FCBE9F52255}.Debug|Any CPU.ActiveCfg = Debug|Any CPU
		{1CBF8134-B097-4DD9-8342-8FCBE9F52255}.Debug|Any CPU.Build.0 = Debug|Any CPU
		{1CBF8134-B097-4DD9-8342-8FCBE9F52255}.Release|Any CPU.ActiveCfg = Release|Any CPU
		{1CBF8134-B097-4DD9-8342-8FCBE9F52255}.Release|Any CPU.Build.0 = Release|Any CPU
	EndGlobalSection
	GlobalSection(SolutionProperties) = preSolution
		HideSolutionNode = FALSE
	EndGlobalSection
	GlobalSection(ExtensibilityGlobals) = postSolution
		SolutionGuid = {83BF343A-134C-453E-9A53-C6DE7AA274A2}
	EndGlobalSection
EndGlobal
